
Microsoft Visual Studio Solution File, Format Version 12.00
# Visual Studio 15
VisualStudioVersion = 15.0.28010.2046
MinimumVisualStudioVersion = 10.0.40219.1
Project("{FAE04EC0-301F-11D3-BF4B-00C04F79EFBC}") = "CLadisPB_XML_Checker", "CLadisPB_XML_Checker.csproj", "{52B5BCC0-D43A-4AC5-BE81-735C8B5F6F5E}"
EndProject
Global
	GlobalSection(SolutionConfigurationPlatforms) = preSolution
		Debug|Any CPU = Debug|Any CPU
		Release|Any CPU = Release|Any CPU
	EndGlobalSection
	GlobalSection(ProjectConfigurationPlatforms) = postSolution
		{52B5BCC0-D43A-4AC5-BE81-735C8B5F6F5E}.Debug|Any CPU.ActiveCfg = Debug|Any CPU
		{52B5BCC0-D43A-4AC5-BE81-735C8B5F6F5E}.Debug|Any CPU.Build.0 = Debug|Any CPU
		{52B5BCC0-D43A-4AC5-BE81-735C8B5F6F5E}.Release|Any CPU.ActiveCfg = Release|Any CPU
		{52B5BCC0-D43A-4AC5-BE81-735C8B5F6F5E}.Release|Any CPU.Build.0 = Release|Any CPU
	EndGlobalSection
	GlobalSection(SolutionProperties) = preSolution
		HideSolutionNode = FALSE
	EndGlobalSection
	GlobalSection(ExtensibilityGlobals) = postSolution
		SolutionGuid = {B3BE34D4-3825-40AC-A83F-3C393563B0DE}
	EndGlobalSection
EndGlobal
